// !$*UTF8*$!
{
	archiveVersion = 1;
	classes = {
	};
	objectVersion = 50;
	objects = {

/* Begin PBXBuildFile section */
		446FB842247A690E00C556AC /* VideoHelper.swift in Sources */ = {isa = PBXBuildFile; fileRef = 446FB841247A690E00C556AC /* VideoHelper.swift */; };
		446FB845247A699200C556AC /* allMySecrets.plist in Resources */ = {isa = PBXBuildFile; fileRef = 446FB844247A699200C556AC /* allMySecrets.plist */; };
		446FB846247A699200C556AC /* allMySecrets.plist in Resources */ = {isa = PBXBuildFile; fileRef = 446FB844247A699200C556AC /* allMySecrets.plist */; };
		446FB847247A699200C556AC /* allMySecrets.plist in Resources */ = {isa = PBXBuildFile; fileRef = 446FB844247A699200C556AC /* allMySecrets.plist */; };
		446FB849247A74C500C556AC /* GoogleService-Info.plist in Resources */ = {isa = PBXBuildFile; fileRef = 446FB848247A74C500C556AC /* GoogleService-Info.plist */; };
		446FB84A247A74C500C556AC /* GoogleService-Info.plist in Resources */ = {isa = PBXBuildFile; fileRef = 446FB848247A74C500C556AC /* GoogleService-Info.plist */; };
		446FB84B247A74C500C556AC /* GoogleService-Info.plist in Resources */ = {isa = PBXBuildFile; fileRef = 446FB848247A74C500C556AC /* GoogleService-Info.plist */; };
		449D49FB247A5B830009FF3C /* AppDelegate.swift in Sources */ = {isa = PBXBuildFile; fileRef = 449D49FA247A5B830009FF3C /* AppDelegate.swift */; };
		449D49FD247A5B830009FF3C /* SceneDelegate.swift in Sources */ = {isa = PBXBuildFile; fileRef = 449D49FC247A5B830009FF3C /* SceneDelegate.swift */; };
		449D49FF247A5B830009FF3C /* FeedViewController.swift in Sources */ = {isa = PBXBuildFile; fileRef = 449D49FE247A5B830009FF3C /* FeedViewController.swift */; };
		449D4A01247A5B830009FF3C /* AddViewController.swift in Sources */ = {isa = PBXBuildFile; fileRef = 449D4A00247A5B830009FF3C /* AddViewController.swift */; };
		449D4A04247A5B830009FF3C /* Main.storyboard in Resources */ = {isa = PBXBuildFile; fileRef = 449D4A02247A5B830009FF3C /* Main.storyboard */; };
		449D4A07247A5B830009FF3C /* FudFid.xcdatamodeld in Sources */ = {isa = PBXBuildFile; fileRef = 449D4A05247A5B830009FF3C /* FudFid.xcdatamodeld */; };
		449D4A09247A5B840009FF3C /* Assets.xcassets in Resources */ = {isa = PBXBuildFile; fileRef = 449D4A08247A5B840009FF3C /* Assets.xcassets */; };
		449D4A0C247A5B840009FF3C /* LaunchScreen.storyboard in Resources */ = {isa = PBXBuildFile; fileRef = 449D4A0A247A5B840009FF3C /* LaunchScreen.storyboard */; };
		449D4A17247A5B840009FF3C /* FudFidTests.swift in Sources */ = {isa = PBXBuildFile; fileRef = 449D4A16247A5B840009FF3C /* FudFidTests.swift */; };
		449D4A22247A5B840009FF3C /* FudFidUITests.swift in Sources */ = {isa = PBXBuildFile; fileRef = 449D4A21247A5B840009FF3C /* FudFidUITests.swift */; };
		449D4A30247A5B920009FF3C /* .gitignore in Resources */ = {isa = PBXBuildFile; fileRef = 449D4A2F247A5B920009FF3C /* .gitignore */; };
		449D4A31247A5B920009FF3C /* .gitignore in Resources */ = {isa = PBXBuildFile; fileRef = 449D4A2F247A5B920009FF3C /* .gitignore */; };
		449D4A32247A5B920009FF3C /* .gitignore in Resources */ = {isa = PBXBuildFile; fileRef = 449D4A2F247A5B920009FF3C /* .gitignore */; };
/* End PBXBuildFile section */

/* Begin PBXContainerItemProxy section */
		449D4A13247A5B840009FF3C /* PBXContainerItemProxy */ = {
			isa = PBXContainerItemProxy;
			containerPortal = 449D49EF247A5B830009FF3C /* Project object */;
			proxyType = 1;
			remoteGlobalIDString = 449D49F6247A5B830009FF3C;
			remoteInfo = FudFid;
		};
		449D4A1E247A5B840009FF3C /* PBXContainerItemProxy */ = {
			isa = PBXContainerItemProxy;
			containerPortal = 449D49EF247A5B830009FF3C /* Project object */;
			proxyType = 1;
			remoteGlobalIDString = 449D49F6247A5B830009FF3C;
			remoteInfo = FudFid;
		};
/* End PBXContainerItemProxy section */

/* Begin PBXFileReference section */
		446FB841247A690E00C556AC /* VideoHelper.swift */ = {isa = PBXFileReference; fileEncoding = 4; lastKnownFileType = sourcecode.swift; path = VideoHelper.swift; sourceTree = "<group>"; };
		446FB844247A699200C556AC /* allMySecrets.plist */ = {isa = PBXFileReference; lastKnownFileType = text.plist.xml; path = allMySecrets.plist; sourceTree = "<group>"; };
		446FB848247A74C500C556AC /* GoogleService-Info.plist */ = {isa = PBXFileReference; fileEncoding = 4; lastKnownFileType = text.plist.xml; path = "GoogleService-Info.plist"; sourceTree = "<group>"; };
		449D49F7247A5B830009FF3C /* FudFid.app */ = {isa = PBXFileReference; explicitFileType = wrapper.application; includeInIndex = 0; path = FudFid.app; sourceTree = BUILT_PRODUCTS_DIR; };
		449D49FA247A5B830009FF3C /* AppDelegate.swift */ = {isa = PBXFileReference; lastKnownFileType = sourcecode.swift; path = AppDelegate.swift; sourceTree = "<group>"; };
		449D49FC247A5B830009FF3C /* SceneDelegate.swift */ = {isa = PBXFileReference; lastKnownFileType = sourcecode.swift; path = SceneDelegate.swift; sourceTree = "<group>"; };
		449D49FE247A5B830009FF3C /* FeedViewController.swift */ = {isa = PBXFileReference; lastKnownFileType = sourcecode.swift; path = FeedViewController.swift; sourceTree = "<group>"; };
		449D4A00247A5B830009FF3C /* AddViewController.swift */ = {isa = PBXFileReference; lastKnownFileType = sourcecode.swift; path = AddViewController.swift; sourceTree = "<group>"; };
		449D4A03247A5B830009FF3C /* Base */ = {isa = PBXFileReference; lastKnownFileType = file.storyboard; name = Base; path = Base.lproj/Main.storyboard; sourceTree = "<group>"; };
		449D4A06247A5B830009FF3C /* FudFid.xcdatamodel */ = {isa = PBXFileReference; lastKnownFileType = wrapper.xcdatamodel; path = FudFid.xcdatamodel; sourceTree = "<group>"; };
		449D4A08247A5B840009FF3C /* Assets.xcassets */ = {isa = PBXFileReference; lastKnownFileType = folder.assetcatalog; path = Assets.xcassets; sourceTree = "<group>"; };
		449D4A0B247A5B840009FF3C /* Base */ = {isa = PBXFileReference; lastKnownFileType = file.storyboard; name = Base; path = Base.lproj/LaunchScreen.storyboard; sourceTree = "<group>"; };
		449D4A0D247A5B840009FF3C /* Info.plist */ = {isa = PBXFileReference; lastKnownFileType = text.plist.xml; path = Info.plist; sourceTree = "<group>"; };
		449D4A12247A5B840009FF3C /* FudFidTests.xctest */ = {isa = PBXFileReference; explicitFileType = wrapper.cfbundle; includeInIndex = 0; path = FudFidTests.xctest; sourceTree = BUILT_PRODUCTS_DIR; };
		449D4A16247A5B840009FF3C /* FudFidTests.swift */ = {isa = PBXFileReference; lastKnownFileType = sourcecode.swift; path = FudFidTests.swift; sourceTree = "<group>"; };
		449D4A18247A5B840009FF3C /* Info.plist */ = {isa = PBXFileReference; lastKnownFileType = text.plist.xml; path = Info.plist; sourceTree = "<group>"; };
		449D4A1D247A5B840009FF3C /* FudFidUITests.xctest */ = {isa = PBXFileReference; explicitFileType = wrapper.cfbundle; includeInIndex = 0; path = FudFidUITests.xctest; sourceTree = BUILT_PRODUCTS_DIR; };
		449D4A21247A5B840009FF3C /* FudFidUITests.swift */ = {isa = PBXFileReference; lastKnownFileType = sourcecode.swift; path = FudFidUITests.swift; sourceTree = "<group>"; };
		449D4A23247A5B840009FF3C /* Info.plist */ = {isa = PBXFileReference; lastKnownFileType = text.plist.xml; path = Info.plist; sourceTree = "<group>"; };
		449D4A2F247A5B920009FF3C /* .gitignore */ = {isa = PBXFileReference; fileEncoding = 4; lastKnownFileType = text; path = .gitignore; sourceTree = "<group>"; };
/* End PBXFileReference section */

/* Begin PBXFrameworksBuildPhase section */
		449D49F4247A5B830009FF3C /* Frameworks */ = {
			isa = PBXFrameworksBuildPhase;
			buildActionMask = 2147483647;
			files = (
			);
			runOnlyForDeploymentPostprocessing = 0;
		};
		449D4A0F247A5B840009FF3C /* Frameworks */ = {
			isa = PBXFrameworksBuildPhase;
			buildActionMask = 2147483647;
			files = (
			);
			runOnlyForDeploymentPostprocessing = 0;
		};
		449D4A1A247A5B840009FF3C /* Frameworks */ = {
			isa = PBXFrameworksBuildPhase;
			buildActionMask = 2147483647;
			files = (
			);
			runOnlyForDeploymentPostprocessing = 0;
		};
/* End PBXFrameworksBuildPhase section */

/* Begin PBXGroup section */
		446FB843247A691300C556AC /* Extensions */ = {
			isa = PBXGroup;
			children = (
				446FB841247A690E00C556AC /* VideoHelper.swift */,
			);
			path = Extensions;
			sourceTree = "<group>";
		};
		449D49EE247A5B830009FF3C = {
			isa = PBXGroup;
			children = (
				449D4A2F247A5B920009FF3C /* .gitignore */,
				449D49F9247A5B830009FF3C /* FudFid */,
				449D4A15247A5B840009FF3C /* FudFidTests */,
				449D4A20247A5B840009FF3C /* FudFidUITests */,
				449D49F8247A5B830009FF3C /* Products */,
			);
			sourceTree = "<group>";
		};
		449D49F8247A5B830009FF3C /* Products */ = {
			isa = PBXGroup;
			children = (
				449D49F7247A5B830009FF3C /* FudFid.app */,
				449D4A12247A5B840009FF3C /* FudFidTests.xctest */,
				449D4A1D247A5B840009FF3C /* FudFidUITests.xctest */,
			);
			name = Products;
			sourceTree = "<group>";
		};
		449D49F9247A5B830009FF3C /* FudFid */ = {
			isa = PBXGroup;
			children = (
				449D49FA247A5B830009FF3C /* AppDelegate.swift */,
				449D49FC247A5B830009FF3C /* SceneDelegate.swift */,
				446FB843247A691300C556AC /* Extensions */,
				449D49FE247A5B830009FF3C /* FeedViewController.swift */,
				449D4A00247A5B830009FF3C /* AddViewController.swift */,
				449D4A02247A5B830009FF3C /* Main.storyboard */,
				449D4A08247A5B840009FF3C /* Assets.xcassets */,
				449D4A0A247A5B840009FF3C /* LaunchScreen.storyboard */,
				449D4A0D247A5B840009FF3C /* Info.plist */,
				446FB848247A74C500C556AC /* GoogleService-Info.plist */,
				446FB844247A699200C556AC /* allMySecrets.plist */,
				449D4A05247A5B830009FF3C /* FudFid.xcdatamodeld */,
			);
			path = FudFid;
			sourceTree = "<group>";
		};
		449D4A15247A5B840009FF3C /* FudFidTests */ = {
			isa = PBXGroup;
			children = (
				449D4A16247A5B840009FF3C /* FudFidTests.swift */,
				449D4A18247A5B840009FF3C /* Info.plist */,
			);
			path = FudFidTests;
			sourceTree = "<group>";
		};
		449D4A20247A5B840009FF3C /* FudFidUITests */ = {
			isa = PBXGroup;
			children = (
				449D4A21247A5B840009FF3C /* FudFidUITests.swift */,
				449D4A23247A5B840009FF3C /* Info.plist */,
			);
			path = FudFidUITests;
			sourceTree = "<group>";
		};
/* End PBXGroup section */

/* Begin PBXNativeTarget section */
		449D49F6247A5B830009FF3C /* FudFid */ = {
			isa = PBXNativeTarget;
			buildConfigurationList = 449D4A26247A5B840009FF3C /* Build configuration list for PBXNativeTarget "FudFid" */;
			buildPhases = (
				449D49F3247A5B830009FF3C /* Sources */,
				449D49F4247A5B830009FF3C /* Frameworks */,
				449D49F5247A5B830009FF3C /* Resources */,
			);
			buildRules = (
			);
			dependencies = (
			);
			name = FudFid;
			productName = FudFid;
			productReference = 449D49F7247A5B830009FF3C /* FudFid.app */;
			productType = "com.apple.product-type.application";
		};
		449D4A11247A5B840009FF3C /* FudFidTests */ = {
			isa = PBXNativeTarget;
			buildConfigurationList = 449D4A29247A5B840009FF3C /* Build configuration list for PBXNativeTarget "FudFidTests" */;
			buildPhases = (
				449D4A0E247A5B840009FF3C /* Sources */,
				449D4A0F247A5B840009FF3C /* Frameworks */,
				449D4A10247A5B840009FF3C /* Resources */,
			);
			buildRules = (
			);
			dependencies = (
				449D4A14247A5B840009FF3C /* PBXTargetDependency */,
			);
			name = FudFidTests;
			productName = FudFidTests;
			productReference = 449D4A12247A5B840009FF3C /* FudFidTests.xctest */;
			productType = "com.apple.product-type.bundle.unit-test";
		};
		449D4A1C247A5B840009FF3C /* FudFidUITests */ = {
			isa = PBXNativeTarget;
			buildConfigurationList = 449D4A2C247A5B840009FF3C /* Build configuration list for PBXNativeTarget "FudFidUITests" */;
			buildPhases = (
				449D4A19247A5B840009FF3C /* Sources */,
				449D4A1A247A5B840009FF3C /* Frameworks */,
				449D4A1B247A5B840009FF3C /* Resources */,
			);
			buildRules = (
			);
			dependencies = (
				449D4A1F247A5B840009FF3C /* PBXTargetDependency */,
			);
			name = FudFidUITests;
			productName = FudFidUITests;
			productReference = 449D4A1D247A5B840009FF3C /* FudFidUITests.xctest */;
			productType = "com.apple.product-type.bundle.ui-testing";
		};
/* End PBXNativeTarget section */

/* Begin PBXProject section */
		449D49EF247A5B830009FF3C /* Project object */ = {
			isa = PBXProject;
			attributes = {
				LastSwiftUpdateCheck = 1140;
				LastUpgradeCheck = 1140;
				ORGANIZATIONNAME = "SaLT for my Squid";
				TargetAttributes = {
					449D49F6247A5B830009FF3C = {
						CreatedOnToolsVersion = 11.4.1;
					};
					449D4A11247A5B840009FF3C = {
						CreatedOnToolsVersion = 11.4.1;
						TestTargetID = 449D49F6247A5B830009FF3C;
					};
					449D4A1C247A5B840009FF3C = {
						CreatedOnToolsVersion = 11.4.1;
						TestTargetID = 449D49F6247A5B830009FF3C;
					};
				};
			};
			buildConfigurationList = 449D49F2247A5B830009FF3C /* Build configuration list for PBXProject "FudFid" */;
			compatibilityVersion = "Xcode 9.3";
			developmentRegion = en;
			hasScannedForEncodings = 0;
			knownRegions = (
				en,
				Base,
			);
			mainGroup = 449D49EE247A5B830009FF3C;
			productRefGroup = 449D49F8247A5B830009FF3C /* Products */;
			projectDirPath = "";
			projectRoot = "";
			targets = (
				449D49F6247A5B830009FF3C /* FudFid */,
				449D4A11247A5B840009FF3C /* FudFidTests */,
				449D4A1C247A5B840009FF3C /* FudFidUITests */,
			);
		};
/* End PBXProject section */

/* Begin PBXResourcesBuildPhase section */
		449D49F5247A5B830009FF3C /* Resources */ = {
			isa = PBXResourcesBuildPhase;
			buildActionMask = 2147483647;
			files = (
				446FB845247A699200C556AC /* allMySecrets.plist in Resources */,
				449D4A30247A5B920009FF3C /* .gitignore in Resources */,
				449D4A0C247A5B840009FF3C /* LaunchScreen.storyboard in Resources */,
				449D4A09247A5B840009FF3C /* Assets.xcassets in Resources */,
				449D4A04247A5B830009FF3C /* Main.storyboard in Resources */,
				446FB849247A74C500C556AC /* GoogleService-Info.plist in Resources */,
			);
			runOnlyForDeploymentPostprocessing = 0;
		};
		449D4A10247A5B840009FF3C /* Resources */ = {
			isa = PBXResourcesBuildPhase;
			buildActionMask = 2147483647;
			files = (
				446FB846247A699200C556AC /* allMySecrets.plist in Resources */,
				449D4A31247A5B920009FF3C /* .gitignore in Resources */,
				446FB84A247A74C500C556AC /* GoogleService-Info.plist in Resources */,
			);
			runOnlyForDeploymentPostprocessing = 0;
		};
		449D4A1B247A5B840009FF3C /* Resources */ = {
			isa = PBXResourcesBuildPhase;
			buildActionMask = 2147483647;
			files = (
				446FB847247A699200C556AC /* allMySecrets.plist in Resources */,
				449D4A32247A5B920009FF3C /* .gitignore in Resources */,
				446FB84B247A74C500C556AC /* GoogleService-Info.plist in Resources */,
			);
			runOnlyForDeploymentPostprocessing = 0;
		};
/* End PBXResourcesBuildPhase section */

/* Begin PBXSourcesBuildPhase section */
		449D49F3247A5B830009FF3C /* Sources */ = {
			isa = PBXSourcesBuildPhase;
			buildActionMask = 2147483647;
			files = (
				449D4A07247A5B830009FF3C /* FudFid.xcdatamodeld in Sources */,
				449D4A01247A5B830009FF3C /* AddViewController.swift in Sources */,
				449D49FF247A5B830009FF3C /* FeedViewController.swift in Sources */,
				446FB842247A690E00C556AC /* VideoHelper.swift in Sources */,
				449D49FB247A5B830009FF3C /* AppDelegate.swift in Sources */,
				449D49FD247A5B830009FF3C /* SceneDelegate.swift in Sources */,
			);
			runOnlyForDeploymentPostprocessing = 0;
		};
		449D4A0E247A5B840009FF3C /* Sources */ = {
			isa = PBXSourcesBuildPhase;
			buildActionMask = 2147483647;
			files = (
				449D4A17247A5B840009FF3C /* FudFidTests.swift in Sources */,
			);
			runOnlyForDeploymentPostprocessing = 0;
		};
		449D4A19247A5B840009FF3C /* Sources */ = {
			isa = PBXSourcesBuildPhase;
			buildActionMask = 2147483647;
			files = (
				449D4A22247A5B840009FF3C /* FudFidUITests.swift in Sources */,
			);
			runOnlyForDeploymentPostprocessing = 0;
		};
/* End PBXSourcesBuildPhase section */

/* Begin PBXTargetDependency section */
		449D4A14247A5B840009FF3C /* PBXTargetDependency */ = {
			isa = PBXTargetDependency;
			target = 449D49F6247A5B830009FF3C /* FudFid */;
			targetProxy = 449D4A13247A5B840009FF3C /* PBXContainerItemProxy */;
		};
		449D4A1F247A5B840009FF3C /* PBXTargetDependency */ = {
			isa = PBXTargetDependency;
			target = 449D49F6247A5B830009FF3C /* FudFid */;
			targetProxy = 449D4A1E247A5B840009FF3C /* PBXContainerItemProxy */;
		};
/* End PBXTargetDependency section */

/* Begin PBXVariantGroup section */
		449D4A02247A5B830009FF3C /* Main.storyboard */ = {
			isa = PBXVariantGroup;
			children = (
				449D4A03247A5B830009FF3C /* Base */,
			);
			name = Main.storyboard;
			sourceTree = "<group>";
		};
		449D4A0A247A5B840009FF3C /* LaunchScreen.storyboard */ = {
			isa = PBXVariantGroup;
			children = (
				449D4A0B247A5B840009FF3C /* Base */,
			);
			name = LaunchScreen.storyboard;
			sourceTree = "<group>";
		};
/* End PBXVariantGroup section */

/* Begin XCBuildConfiguration section */
		449D4A24247A5B840009FF3C /* Debug */ = {
			isa = XCBuildConfiguration;
			buildSettings = {
				ALWAYS_SEARCH_USER_PATHS = NO;
				CLANG_ANALYZER_NONNULL = YES;
				CLANG_ANALYZER_NUMBER_OBJECT_CONVERSION = YES_AGGRESSIVE;
				CLANG_CXX_LANGUAGE_STANDARD = "gnu++14";
				CLANG_CXX_LIBRARY = "libc++";
				CLANG_ENABLE_MODULES = YES;
				CLANG_ENABLE_OBJC_ARC = YES;
				CLANG_ENABLE_OBJC_WEAK = YES;
				CLANG_WARN_BLOCK_CAPTURE_AUTORELEASING = YES;
				CLANG_WARN_BOOL_CONVERSION = YES;
				CLANG_WARN_COMMA = YES;
				CLANG_WARN_CONSTANT_CONVERSION = YES;
				CLANG_WARN_DEPRECATED_OBJC_IMPLEMENTATIONS = YES;
				CLANG_WARN_DIRECT_OBJC_ISA_USAGE = YES_ERROR;
				CLANG_WARN_DOCUMENTATION_COMMENTS = YES;
				CLANG_WARN_EMPTY_BODY = YES;
				CLANG_WARN_ENUM_CONVERSION = YES;
				CLANG_WARN_INFINITE_RECURSION = YES;
				CLANG_WARN_INT_CONVERSION = YES;
				CLANG_WARN_NON_LITERAL_NULL_CONVERSION = YES;
				CLANG_WARN_OBJC_IMPLICIT_RETAIN_SELF = YES;
				CLANG_WARN_OBJC_LITERAL_CONVERSION = YES;
				CLANG_WARN_OBJC_ROOT_CLASS = YES_ERROR;
				CLANG_WARN_RANGE_LOOP_ANALYSIS = YES;
				CLANG_WARN_STRICT_PROTOTYPES = YES;
				CLANG_WARN_SUSPICIOUS_MOVE = YES;
				CLANG_WARN_UNGUARDED_AVAILABILITY = YES_AGGRESSIVE;
				CLANG_WARN_UNREACHABLE_CODE = YES;
				CLANG_WARN__DUPLICATE_METHOD_MATCH = YES;
				COPY_PHASE_STRIP = NO;
				DEBUG_INFORMATION_FORMAT = dwarf;
				ENABLE_STRICT_OBJC_MSGSEND = YES;
				ENABLE_TESTABILITY = YES;
				GCC_C_LANGUAGE_STANDARD = gnu11;
				GCC_DYNAMIC_NO_PIC = NO;
				GCC_NO_COMMON_BLOCKS = YES;
				GCC_OPTIMIZATION_LEVEL = 0;
				GCC_PREPROCESSOR_DEFINITIONS = (
					"DEBUG=1",
					"$(inherited)",
				);
				GCC_WARN_64_TO_32_BIT_CONVERSION = YES;
				GCC_WARN_ABOUT_RETURN_TYPE = YES_ERROR;
				GCC_WARN_UNDECLARED_SELECTOR = YES;
				GCC_WARN_UNINITIALIZED_AUTOS = YES_AGGRESSIVE;
				GCC_WARN_UNUSED_FUNCTION = YES;
				GCC_WARN_UNUSED_VARIABLE = YES;
				IPHONEOS_DEPLOYMENT_TARGET = 13.4;
				MTL_ENABLE_DEBUG_INFO = INCLUDE_SOURCE;
				MTL_FAST_MATH = YES;
				ONLY_ACTIVE_ARCH = YES;
				SDKROOT = iphoneos;
				SWIFT_ACTIVE_COMPILATION_CONDITIONS = DEBUG;
				SWIFT_OPTIMIZATION_LEVEL = "-Onone";
			};
			name = Debug;
		};
		449D4A25247A5B840009FF3C /* Release */ = {
			isa = XCBuildConfiguration;
			buildSettings = {
				ALWAYS_SEARCH_USER_PATHS = NO;
				CLANG_ANALYZER_NONNULL = YES;
				CLANG_ANALYZER_NUMBER_OBJECT_CONVERSION = YES_AGGRESSIVE;
				CLANG_CXX_LANGUAGE_STANDARD = "gnu++14";
				CLANG_CXX_LIBRARY = "libc++";
				CLANG_ENABLE_MODULES = YES;
				CLANG_ENABLE_OBJC_ARC = YES;
				CLANG_ENABLE_OBJC_WEAK = YES;
				CLANG_WARN_BLOCK_CAPTURE_AUTORELEASING = YES;
				CLANG_WARN_BOOL_CONVERSION = YES;
				CLANG_WARN_COMMA = YES;
				CLANG_WARN_CONSTANT_CONVERSION = YES;
				CLANG_WARN_DEPRECATED_OBJC_IMPLEMENTATIONS = YES;
				CLANG_WARN_DIRECT_OBJC_ISA_USAGE = YES_ERROR;
				CLANG_WARN_DOCUMENTATION_COMMENTS = YES;
				CLANG_WARN_EMPTY_BODY = YES;
				CLANG_WARN_ENUM_CONVERSION = YES;
				CLANG_WARN_INFINITE_RECURSION = YES;
				CLANG_WARN_INT_CONVERSION = YES;
				CLANG_WARN_NON_LITERAL_NULL_CONVERSION = YES;
				CLANG_WARN_OBJC_IMPLICIT_RETAIN_SELF = YES;
				CLANG_WARN_OBJC_LITERAL_CONVERSION = YES;
				CLANG_WARN_OBJC_ROOT_CLASS = YES_ERROR;
				CLANG_WARN_RANGE_LOOP_ANALYSIS = YES;
				CLANG_WARN_STRICT_PROTOTYPES = YES;
				CLANG_WARN_SUSPICIOUS_MOVE = YES;
				CLANG_WARN_UNGUARDED_AVAILABILITY = YES_AGGRESSIVE;
				CLANG_WARN_UNREACHABLE_CODE = YES;
				CLANG_WARN__DUPLICATE_METHOD_MATCH = YES;
				COPY_PHASE_STRIP = NO;
				DEBUG_INFORMATION_FORMAT = "dwarf-with-dsym";
				ENABLE_NS_ASSERTIONS = NO;
				ENABLE_STRICT_OBJC_MSGSEND = YES;
				GCC_C_LANGUAGE_STANDARD = gnu11;
				GCC_NO_COMMON_BLOCKS = YES;
				GCC_WARN_64_TO_32_BIT_CONVERSION = YES;
				GCC_WARN_ABOUT_RETURN_TYPE = YES_ERROR;
				GCC_WARN_UNDECLARED_SELECTOR = YES;
				GCC_WARN_UNINITIALIZED_AUTOS = YES_AGGRESSIVE;
				GCC_WARN_UNUSED_FUNCTION = YES;
				GCC_WARN_UNUSED_VARIABLE = YES;
				IPHONEOS_DEPLOYMENT_TARGET = 13.4;
				MTL_ENABLE_DEBUG_INFO = NO;
				MTL_FAST_MATH = YES;
				SDKROOT = iphoneos;
				SWIFT_COMPILATION_MODE = wholemodule;
				SWIFT_OPTIMIZATION_LEVEL = "-O";
				VALIDATE_PRODUCT = YES;
			};
			name = Release;
		};
		449D4A27247A5B840009FF3C /* Debug */ = {
			isa = XCBuildConfiguration;
			buildSettings = {
				ASSETCATALOG_COMPILER_APPICON_NAME = AppIcon;
				CODE_SIGN_STYLE = Automatic;
				DEVELOPMENT_TEAM = 2E5MDC86ME;
				INFOPLIST_FILE = FudFid/Info.plist;
				LD_RUNPATH_SEARCH_PATHS = (
					"$(inherited)",
					"@executable_path/Frameworks",
				);
				PRODUCT_BUNDLE_IDENTIFIER = com.saltformysquid.fudfid.FudFid;
				PRODUCT_NAME = "$(TARGET_NAME)";
				SWIFT_VERSION = 5.0;
				TARGETED_DEVICE_FAMILY = "1,2";
			};
			name = Debug;
		};
		449D4A28247A5B840009FF3C /* Release */ = {
			isa = XCBuildConfiguration;
			buildSettings = {
				ASSETCATALOG_COMPILER_APPICON_NAME = AppIcon;
				CODE_SIGN_STYLE = Automatic;
				DEVELOPMENT_TEAM = 2E5MDC86ME;
				INFOPLIST_FILE = FudFid/Info.plist;
				LD_RUNPATH_SEARCH_PATHS = (
					"$(inherited)",
					"@executable_path/Frameworks",
				);
				PRODUCT_BUNDLE_IDENTIFIER = com.saltformysquid.fudfid.FudFid;
				PRODUCT_NAME = "$(TARGET_NAME)";
				SWIFT_VERSION = 5.0;
				TARGETED_DEVICE_FAMILY = "1,2";
			};
			name = Release;
		};
		449D4A2A247A5B840009FF3C /* Debug */ = {
			isa = XCBuildConfiguration;
			buildSettings = {
				ALWAYS_EMBED_SWIFT_STANDARD_LIBRARIES = YES;
				BUNDLE_LOADER = "$(TEST_HOST)";
				CODE_SIGN_STYLE = Automatic;
				DEVELOPMENT_TEAM = 2E5MDC86ME;
				INFOPLIST_FILE = FudFidTests/Info.plist;
				IPHONEOS_DEPLOYMENT_TARGET = 13.4;
				LD_RUNPATH_SEARCH_PATHS = (
					"$(inherited)",
					"@executable_path/Frameworks",
					"@loader_path/Frameworks",
				);
				PRODUCT_BUNDLE_IDENTIFIER = com.saltformysquid.fudfid.FudFidTests;
				PRODUCT_NAME = "$(TARGET_NAME)";
				SWIFT_VERSION = 5.0;
				TARGETED_DEVICE_FAMILY = "1,2";
				TEST_HOST = "$(BUILT_PRODUCTS_DIR)/FudFid.app/FudFid";
			};
			name = Debug;
		};
		449D4A2B247A5B840009FF3C /* Release */ = {
			isa = XCBuildConfiguration;
			buildSettings = {
				ALWAYS_EMBED_SWIFT_STANDARD_LIBRARIES = YES;
				BUNDLE_LOADER = "$(TEST_HOST)";
				CODE_SIGN_STYLE = Automatic;
				DEVELOPMENT_TEAM = 2E5MDC86ME;
				INFOPLIST_FILE = FudFidTests/Info.plist;
				IPHONEOS_DEPLOYMENT_TARGET = 13.4;
				LD_RUNPATH_SEARCH_PATHS = (
					"$(inherited)",
					"@executable_path/Frameworks",
					"@loader_path/Frameworks",
				);
				PRODUCT_BUNDLE_IDENTIFIER = com.saltformysquid.fudfid.FudFidTests;
				PRODUCT_NAME = "$(TARGET_NAME)";
				SWIFT_VERSION = 5.0;
				TARGETED_DEVICE_FAMILY = "1,2";
				TEST_HOST = "$(BUILT_PRODUCTS_DIR)/FudFid.app/FudFid";
			};
			name = Release;
		};
		449D4A2D247A5B840009FF3C /* Debug */ = {
			isa = XCBuildConfiguration;
			buildSettings = {
				ALWAYS_EMBED_SWIFT_STANDARD_LIBRARIES = YES;
				CODE_SIGN_STYLE = Automatic;
				DEVELOPMENT_TEAM = 2E5MDC86ME;
				INFOPLIST_FILE = FudFidUITests/Info.plist;
				LD_RUNPATH_SEARCH_PATHS = (
					"$(inherited)",
					"@executable_path/Frameworks",
					"@loader_path/Frameworks",
				);
				PRODUCT_BUNDLE_IDENTIFIER = com.saltformysquid.fudfid.FudFidUITests;
				PRODUCT_NAME = "$(TARGET_NAME)";
				SWIFT_VERSION = 5.0;
				TARGETED_DEVICE_FAMILY = "1,2";
				TEST_TARGET_NAME = FudFid;
			};
			name = Debug;
		};
		449D4A2E247A5B840009FF3C /* Release */ = {
			isa = XCBuildConfiguration;
			buildSettings = {
				ALWAYS_EMBED_SWIFT_STANDARD_LIBRARIES = YES;
				CODE_SIGN_STYLE = Automatic;
				DEVELOPMENT_TEAM = 2E5MDC86ME;
				INFOPLIST_FILE = FudFidUITests/Info.plist;
				LD_RUNPATH_SEARCH_PATHS = (
					"$(inherited)",
					"@executable_path/Frameworks",
					"@loader_path/Frameworks",
				);
				PRODUCT_BUNDLE_IDENTIFIER = com.saltformysquid.fudfid.FudFidUITests;
				PRODUCT_NAME = "$(TARGET_NAME)";
				SWIFT_VERSION = 5.0;
				TARGETED_DEVICE_FAMILY = "1,2";
				TEST_TARGET_NAME = FudFid;
			};
			name = Release;
		};
/* End XCBuildConfiguration section */

/* Begin XCConfigurationList section */
		449D49F2247A5B830009FF3C /* Build configuration list for PBXProject "FudFid" */ = {
			isa = XCConfigurationList;
			buildConfigurations = (
				449D4A24247A5B840009FF3C /* Debug */,
				449D4A25247A5B840009FF3C /* Release */,
			);
			defaultConfigurationIsVisible = 0;
			defaultConfigurationName = Release;
		};
		449D4A26247A5B840009FF3C /* Build configuration list for PBXNativeTarget "FudFid" */ = {
			isa = XCConfigurationList;
			buildConfigurations = (
				449D4A27247A5B840009FF3C /* Debug */,
				449D4A28247A5B840009FF3C /* Release */,
			);
			defaultConfigurationIsVisible = 0;
			defaultConfigurationName = Release;
		};
		449D4A29247A5B840009FF3C /* Build configuration list for PBXNativeTarget "FudFidTests" */ = {
			isa = XCConfigurationList;
			buildConfigurations = (
				449D4A2A247A5B840009FF3C /* Debug */,
				449D4A2B247A5B840009FF3C /* Release */,
			);
			defaultConfigurationIsVisible = 0;
			defaultConfigurationName = Release;
		};
		449D4A2C247A5B840009FF3C /* Build configuration list for PBXNativeTarget "FudFidUITests" */ = {
			isa = XCConfigurationList;
			buildConfigurations = (
				449D4A2D247A5B840009FF3C /* Debug */,
				449D4A2E247A5B840009FF3C /* Release */,
			);
			defaultConfigurationIsVisible = 0;
			defaultConfigurationName = Release;
		};
/* End XCConfigurationList section */

/* Begin XCVersionGroup section */
		449D4A05247A5B830009FF3C /* FudFid.xcdatamodeld */ = {
			isa = XCVersionGroup;
			children = (
				449D4A06247A5B830009FF3C /* FudFid.xcdatamodel */,
			);
			currentVersion = 449D4A06247A5B830009FF3C /* FudFid.xcdatamodel */;
			path = FudFid.xcdatamodeld;
			sourceTree = "<group>";
			versionGroupType = wrapper.xcdatamodel;
		};
/* End XCVersionGroup section */
	};
	rootObject = 449D49EF247A5B830009FF3C /* Project object */;
}
